{
  "nodes": {
    "nixpkgs": {
      "locked": {
        "lastModified": 1789114715,
        "narHash": "sha256-ugpsyk3NM2s87vXfUiIIiibbJ4Pp0JPS5p/3mfs+q+c=",
        "owner": "NixOS",
        "repo": "nixpkgs",
        "rev": "21a67dc470149f337cecafbe965d8d252a390518",
        "type": "github"
      },
      "original": {
        "owner": "NixOS",
        "ref": "nixos-26.05",
        "repo": "nixpkgs",
        "type": "github"
      }
    },
    "root": {
      "inputs": {
        "nixpkgs": "nixpkgs",
        "uboot-src": "uboot-src"
      }
    },
    "uboot-src": {
      "flake": false,
      "locked": {
        "lastModified": 1783381843,
        "narHash": "sha256-MJf4+MifD7Bzb2Fz11lIgFOaiAPgSbFnbM0Q3k5xWwQ=",
        "owner": "u-boot",
        "repo": "u-boot",
        "rev": "ece349ade2973e220f524ce59e59711cc919263f",
        "type": "github"
      },
      "original": {
        "owner": "u-boot",
        "ref": "v2026.07",
        "repo": "u-boot",
        "type": "github"
      }
    }
  },
  "root": "root",
  "version": 7
}
